
Microsoft Visual Studio Solution File, Format Version 12.00
# Visual Studio 15
Project("{FAE04EC0-301F-11D3-BF4B-00C04F79EFBC}") = "AstarPathfindingProject", "AstarPathfindingProject.csproj", "{AA54E415-896E-EB7E-C5FB-833DC995C003}"
EndProject
Project("{FAE04EC0-301F-11D3-BF4B-00C04F79EFBC}") = "Assembly-CSharp", "Assembly-CSharp.csproj", "{C830FA1F-5EC4-2CAB-5CF1-7ED8A3EA7F6F}"
EndProject
Project("{FAE04EC0-301F-11D3-BF4B-00C04F79EFBC}") = "AstarPathfindingProjectEditor", "AstarPathfindingProjectEditor.csproj", "{ACC70B02-FA5F-F1A2-1777-53467C732D35}"
EndProject
Project("{FAE04EC0-301F-11D3-BF4B-00C04F79EFBC}") = "PackageToolsEditor", "PackageToolsEditor.csproj", "{1F3C6957-EFAC-8768-3BD9-4DA201F2020F}"
EndProject
Global
	GlobalSection(SolutionConfigurationPlatforms) = preSolution
		Debug|Any CPU = Debug|Any CPU
		Release|Any CPU = Release|Any CPU
	EndGlobalSection
	GlobalSection(ProjectConfigurationPlatforms) = postSolution
		{AA54E415-896E-EB7E-C5FB-833DC995C003}.Debug|Any CPU.ActiveCfg = Debug|Any CPU
		{AA54E415-896E-EB7E-C5FB-833DC995C003}.Debug|Any CPU.Build.0 = Debug|Any CPU
		{AA54E415-896E-EB7E-C5FB-833DC995C003}.Release|Any CPU.ActiveCfg = Release|Any CPU
		{AA54E415-896E-EB7E-C5FB-833DC995C003}.Release|Any CPU.Build.0 = Release|Any CPU
		{C830FA1F-5EC4-2CAB-5CF1-7ED8A3EA7F6F}.Debug|Any CPU.ActiveCfg = Debug|Any CPU
		{C830FA1F-5EC4-2CAB-5CF1-7ED8A3EA7F6F}.Debug|Any CPU.Build.0 = Debug|Any CPU
		{C830FA1F-5EC4-2CAB-5CF1-7ED8A3EA7F6F}.Release|Any CPU.ActiveCfg = Release|Any CPU
		{C830FA1F-5EC4-2CAB-5CF1-7ED8A3EA7F6F}.Release|Any CPU.Build.0 = Release|Any CPU
		{ACC70B02-FA5F-F1A2-1777-53467C732D35}.Debug|Any CPU.ActiveCfg = Debug|Any CPU
		{ACC70B02-FA5F-F1A2-1777-53467C732D35}.Debug|Any CPU.Build.0 = Debug|Any CPU
		{ACC70B02-FA5F-F1A2-1777-53467C732D35}.Release|Any CPU.ActiveCfg = Release|Any CPU
		{ACC70B02-FA5F-F1A2-1777-53467C732D35}.Release|Any CPU.Build.0 = Release|Any CPU
		{1F3C6957-EFAC-8768-3BD9-4DA201F2020F}.Debug|Any CPU.ActiveCfg = Debug|Any CPU
		{1F3C6957-EFAC-8768-3BD9-4DA201F2020F}.Debug|Any CPU.Build.0 = Debug|Any CPU
		{1F3C6957-EFAC-8768-3BD9-4DA201F2020F}.Release|Any CPU.ActiveCfg = Release|Any CPU
		{1F3C6957-EFAC-8768-3BD9-4DA201F2020F}.Release|Any CPU.Build.0 = Release|Any CPU
	EndGlobalSection
	GlobalSection(SolutionProperties) = preSolution
		HideSolutionNode = FALSE
	EndGlobalSection
EndGlobal
